
Microsoft Visual Studio Solution File, Format Version 11.00
# Visual Studio 2010
Project("{FAE04EC0-301F-11D3-BF4B-00C04F79EFBC}") = "DiabloLike", "Assembly-CSharp.csproj", "{CA468EDB-F600-E5D5-E62F-BC1A80020D24}"
EndProject
Global
	GlobalSection(SolutionConfigurationPlatforms) = preSolution
		Debug|Any CPU = Debug|Any CPU
		Release|Any CPU = Release|Any CPU
	EndGlobalSection
	GlobalSection(ProjectConfigurationPlatforms) = postSolution
		{CA468EDB-F600-E5D5-E62F-BC1A80020D24}.Debug|Any CPU.ActiveCfg = Debug|Any CPU
		{CA468EDB-F600-E5D5-E62F-BC1A80020D24}.Debug|Any CPU.Build.0 = Debug|Any CPU
		{CA468EDB-F600-E5D5-E62F-BC1A80020D24}.Release|Any CPU.ActiveCfg = Release|Any CPU
		{CA468EDB-F600-E5D5-E62F-BC1A80020D24}.Release|Any CPU.Build.0 = Release|Any CPU
	EndGlobalSection
	GlobalSection(SolutionProperties) = preSolution
		HideSolutionNode = FALSE
	EndGlobalSection
	GlobalSection(MonoDevelopProperties) = preSolution
		StartupItem = Assembly-CSharp.csproj
	EndGlobalSection
EndGlobal
